Microsoft Visual Studio Solution File, Format Version 12.00
# Visual Studio Version 17
VisualStudioVersion = 17.5.2.0
MinimumVisualStudioVersion = 10.0.40219.1
Project("{FAE04EC0-301F-11D3-BF4B-00C04F79EFBC}") = "ValidParentheses", "ValidParentheses.csproj", "{40EDE64A-C9EF-0532-16CD-A0E42B91AA1F}"
EndProject
Global
	GlobalSection(SolutionConfigurationPlatforms) = preSolution
		Debug|Any CPU = Debug|Any CPU
		Release|Any CPU = Release|Any CPU
	EndGlobalSection
	GlobalSection(ProjectConfigurationPlatforms) = postSolution
		{40EDE64A-C9EF-0532-16CD-A0E42B91AA1F}.Debug|Any CPU.ActiveCfg = Debug|Any CPU
		{40EDE64A-C9EF-0532-16CD-A0E42B91AA1F}.Debug|Any CPU.Build.0 = Debug|Any CPU
		{40EDE64A-C9EF-0532-16CD-A0E42B91AA1F}.Release|Any CPU.ActiveCfg = Release|Any CPU
		{40EDE64A-C9EF-0532-16CD-A0E42B91AA1F}.Release|Any CPU.Build.0 = Release|Any CPU
	EndGlobalSection
	GlobalSection(SolutionProperties) = preSolution
		HideSolutionNode = FALSE
	EndGlobalSection
	GlobalSection(ExtensibilityGlobals) = postSolution
		SolutionGuid = {F2A035D1-9583-48FF-BA26-779F0320431E}
	EndGlobalSection
EndGlobal
