Microsoft Visual Studio Solution File, Format Version 12.00
# Visual Studio Version 17
VisualStudioVersion = 17.5.2.0
MinimumVisualStudioVersion = 10.0.40219.1
Project("{FAE04EC0-301F-11D3-BF4B-00C04F79EFBC}") = "NextGreaterElement", "NextGreaterElement.csproj", "{F681210E-8C19-860E-E8A9-E82323F0A061}"
EndProject
Global
	GlobalSection(SolutionConfigurationPlatforms) = preSolution
		Debug|Any CPU = Debug|Any CPU
		Release|Any CPU = Release|Any CPU
	EndGlobalSection
	GlobalSection(ProjectConfigurationPlatforms) = postSolution
		{F681210E-8C19-860E-E8A9-E82323F0A061}.Debug|Any CPU.ActiveCfg = Debug|Any CPU
		{F681210E-8C19-860E-E8A9-E82323F0A061}.Debug|Any CPU.Build.0 = Debug|Any CPU
		{F681210E-8C19-860E-E8A9-E82323F0A061}.Release|Any CPU.ActiveCfg = Release|Any CPU
		{F681210E-8C19-860E-E8A9-E82323F0A061}.Release|Any CPU.Build.0 = Release|Any CPU
	EndGlobalSection
	GlobalSection(SolutionProperties) = preSolution
		HideSolutionNode = FALSE
	EndGlobalSection
	GlobalSection(ExtensibilityGlobals) = postSolution
		SolutionGuid = {1D888BFF-CB41-4DB9-814B-061742E4F799}
	EndGlobalSection
EndGlobal
