Microsoft Visual Studio Solution File, Format Version 12.00
# Visual Studio Version 17
VisualStudioVersion = 17.5.2.0
MinimumVisualStudioVersion = 10.0.40219.1
Project("{FAE04EC0-301F-11D3-BF4B-00C04F79EFBC}") = "AllArraySubsets", "AllArraySubsets.csproj", "{7E127CA3-F8B1-6301-EF1A-32812B7EC55A}"
EndProject
Global
	GlobalSection(SolutionConfigurationPlatforms) = preSolution
		Debug|Any CPU = Debug|Any CPU
		Release|Any CPU = Release|Any CPU
	EndGlobalSection
	GlobalSection(ProjectConfigurationPlatforms) = postSolution
		{7E127CA3-F8B1-6301-EF1A-32812B7EC55A}.Debug|Any CPU.ActiveCfg = Debug|Any CPU
		{7E127CA3-F8B1-6301-EF1A-32812B7EC55A}.Debug|Any CPU.Build.0 = Debug|Any CPU
		{7E127CA3-F8B1-6301-EF1A-32812B7EC55A}.Release|Any CPU.ActiveCfg = Release|Any CPU
		{7E127CA3-F8B1-6301-EF1A-32812B7EC55A}.Release|Any CPU.Build.0 = Release|Any CPU
	EndGlobalSection
	GlobalSection(SolutionProperties) = preSolution
		HideSolutionNode = FALSE
	EndGlobalSection
	GlobalSection(ExtensibilityGlobals) = postSolution
		SolutionGuid = {FE086082-9871-4784-A6AD-8FFD06FD44BC}
	EndGlobalSection
EndGlobal
