Microsoft Visual Studio Solution File, Format Version 12.00
# Visual Studio Version 17
VisualStudioVersion = 17.5.2.0
MinimumVisualStudioVersion = 10.0.40219.1
Project("{FAE04EC0-301F-11D3-BF4B-00C04F79EFBC}") = "GraphRepresentation", "GraphRepresentation.csproj", "{E73BEF83-8CFB-6100-E481-C03F60767B12}"
EndProject
Global
	GlobalSection(SolutionConfigurationPlatforms) = preSolution
		Debug|Any CPU = Debug|Any CPU
		Release|Any CPU = Release|Any CPU
	EndGlobalSection
	GlobalSection(ProjectConfigurationPlatforms) = postSolution
		{E73BEF83-8CFB-6100-E481-C03F60767B12}.Debug|Any CPU.ActiveCfg = Debug|Any CPU
		{E73BEF83-8CFB-6100-E481-C03F60767B12}.Debug|Any CPU.Build.0 = Debug|Any CPU
		{E73BEF83-8CFB-6100-E481-C03F60767B12}.Release|Any CPU.ActiveCfg = Release|Any CPU
		{E73BEF83-8CFB-6100-E481-C03F60767B12}.Release|Any CPU.Build.0 = Release|Any CPU
	EndGlobalSection
	GlobalSection(SolutionProperties) = preSolution
		HideSolutionNode = FALSE
	EndGlobalSection
	GlobalSection(ExtensibilityGlobals) = postSolution
		SolutionGuid = {E4796197-8E9F-40D3-8B60-A31C6BE8A83A}
	EndGlobalSection
EndGlobal
