Microsoft Visual Studio Solution File, Format Version 12.00
# Visual Studio Version 17
VisualStudioVersion = 17.5.2.0
MinimumVisualStudioVersion = 10.0.40219.1
Project("{FAE04EC0-301F-11D3-BF4B-00C04F79EFBC}") = "RootToLeafSumToTargetAllPaths", "RootToLeafSumToTargetAllPaths.csproj", "{C734F7E2-B29E-C937-5C51-EE7E54AF2360}"
EndProject
Global
	GlobalSection(SolutionConfigurationPlatforms) = preSolution
		Debug|Any CPU = Debug|Any CPU
		Release|Any CPU = Release|Any CPU
	EndGlobalSection
	GlobalSection(ProjectConfigurationPlatforms) = postSolution
		{C734F7E2-B29E-C937-5C51-EE7E54AF2360}.Debug|Any CPU.ActiveCfg = Debug|Any CPU
		{C734F7E2-B29E-C937-5C51-EE7E54AF2360}.Debug|Any CPU.Build.0 = Debug|Any CPU
		{C734F7E2-B29E-C937-5C51-EE7E54AF2360}.Release|Any CPU.ActiveCfg = Release|Any CPU
		{C734F7E2-B29E-C937-5C51-EE7E54AF2360}.Release|Any CPU.Build.0 = Release|Any CPU
	EndGlobalSection
	GlobalSection(SolutionProperties) = preSolution
		HideSolutionNode = FALSE
	EndGlobalSection
	GlobalSection(ExtensibilityGlobals) = postSolution
		SolutionGuid = {8C480CCD-F3AD-488A-99BE-DEAD52A422DE}
	EndGlobalSection
EndGlobal
