Microsoft Visual Studio Solution File, Format Version 12.00
# Visual Studio Version 17
VisualStudioVersion = 17.5.2.0
MinimumVisualStudioVersion = 10.0.40219.1
Project("{FAE04EC0-301F-11D3-BF4B-00C04F79EFBC}") = "LargestRecInHistogram", "LargestRecInHistogram.csproj", "{7BD5643B-673F-4B52-5352-226907F20F3C}"
EndProject
Global
	GlobalSection(SolutionConfigurationPlatforms) = preSolution
		Debug|Any CPU = Debug|Any CPU
		Release|Any CPU = Release|Any CPU
	EndGlobalSection
	GlobalSection(ProjectConfigurationPlatforms) = postSolution
		{7BD5643B-673F-4B52-5352-226907F20F3C}.Debug|Any CPU.ActiveCfg = Debug|Any CPU
		{7BD5643B-673F-4B52-5352-226907F20F3C}.Debug|Any CPU.Build.0 = Debug|Any CPU
		{7BD5643B-673F-4B52-5352-226907F20F3C}.Release|Any CPU.ActiveCfg = Release|Any CPU
		{7BD5643B-673F-4B52-5352-226907F20F3C}.Release|Any CPU.Build.0 = Release|Any CPU
	EndGlobalSection
	GlobalSection(SolutionProperties) = preSolution
		HideSolutionNode = FALSE
	EndGlobalSection
	GlobalSection(ExtensibilityGlobals) = postSolution
		SolutionGuid = {6E389A7C-296F-4FFF-887F-9D9C958D4A77}
	EndGlobalSection
EndGlobal
