Microsoft Visual Studio Solution File, Format Version 12.00
# Visual Studio Version 17
VisualStudioVersion = 17.5.2.0
MinimumVisualStudioVersion = 10.0.40219.1
Project("{FAE04EC0-301F-11D3-BF4B-00C04F79EFBC}") = "BinaryTreeMaxWidth", "BinaryTreeMaxWidth.csproj", "{D86D6266-58E8-FA55-4CB9-C646EB147AB9}"
EndProject
Global
	GlobalSection(SolutionConfigurationPlatforms) = preSolution
		Debug|Any CPU = Debug|Any CPU
		Release|Any CPU = Release|Any CPU
	EndGlobalSection
	GlobalSection(ProjectConfigurationPlatforms) = postSolution
		{D86D6266-58E8-FA55-4CB9-C646EB147AB9}.Debug|Any CPU.ActiveCfg = Debug|Any CPU
		{D86D6266-58E8-FA55-4CB9-C646EB147AB9}.Debug|Any CPU.Build.0 = Debug|Any CPU
		{D86D6266-58E8-FA55-4CB9-C646EB147AB9}.Release|Any CPU.ActiveCfg = Release|Any CPU
		{D86D6266-58E8-FA55-4CB9-C646EB147AB9}.Release|Any CPU.Build.0 = Release|Any CPU
	EndGlobalSection
	GlobalSection(SolutionProperties) = preSolution
		HideSolutionNode = FALSE
	EndGlobalSection
	GlobalSection(ExtensibilityGlobals) = postSolution
		SolutionGuid = {0084E9AD-8EB7-491B-AA72-91AFF7EFFA5A}
	EndGlobalSection
EndGlobal
