Microsoft Visual Studio Solution File, Format Version 12.00
# Visual Studio Version 17
VisualStudioVersion = 17.5.2.0
MinimumVisualStudioVersion = 10.0.40219.1
Project("{FAE04EC0-301F-11D3-BF4B-00C04F79EFBC}") = "InsertInterval", "InsertInterval.csproj", "{6E4EAC22-50CA-A712-F67F-82ADDF47C649}"
EndProject
Global
	GlobalSection(SolutionConfigurationPlatforms) = preSolution
		Debug|Any CPU = Debug|Any CPU
		Release|Any CPU = Release|Any CPU
	EndGlobalSection
	GlobalSection(ProjectConfigurationPlatforms) = postSolution
		{6E4EAC22-50CA-A712-F67F-82ADDF47C649}.Debug|Any CPU.ActiveCfg = Debug|Any CPU
		{6E4EAC22-50CA-A712-F67F-82ADDF47C649}.Debug|Any CPU.Build.0 = Debug|Any CPU
		{6E4EAC22-50CA-A712-F67F-82ADDF47C649}.Release|Any CPU.ActiveCfg = Release|Any CPU
		{6E4EAC22-50CA-A712-F67F-82ADDF47C649}.Release|Any CPU.Build.0 = Release|Any CPU
	EndGlobalSection
	GlobalSection(SolutionProperties) = preSolution
		HideSolutionNode = FALSE
	EndGlobalSection
	GlobalSection(ExtensibilityGlobals) = postSolution
		SolutionGuid = {AD4A35F2-C57F-408D-8E6D-9B1FCC7DA052}
	EndGlobalSection
EndGlobal
