Microsoft Visual Studio Solution File, Format Version 12.00
# Visual Studio Version 17
VisualStudioVersion = 17.5.2.0
MinimumVisualStudioVersion = 10.0.40219.1
Project("{FAE04EC0-301F-11D3-BF4B-00C04F79EFBC}") = "MergeSort", "MergeSort.csproj", "{3221471C-1C51-BBE2-FC38-3A78A6058184}"
EndProject
Global
	GlobalSection(SolutionConfigurationPlatforms) = preSolution
		Debug|Any CPU = Debug|Any CPU
		Release|Any CPU = Release|Any CPU
	EndGlobalSection
	GlobalSection(ProjectConfigurationPlatforms) = postSolution
		{3221471C-1C51-BBE2-FC38-3A78A6058184}.Debug|Any CPU.ActiveCfg = Debug|Any CPU
		{3221471C-1C51-BBE2-FC38-3A78A6058184}.Debug|Any CPU.Build.0 = Debug|Any CPU
		{3221471C-1C51-BBE2-FC38-3A78A6058184}.Release|Any CPU.ActiveCfg = Release|Any CPU
		{3221471C-1C51-BBE2-FC38-3A78A6058184}.Release|Any CPU.Build.0 = Release|Any CPU
	EndGlobalSection
	GlobalSection(SolutionProperties) = preSolution
		HideSolutionNode = FALSE
	EndGlobalSection
	GlobalSection(ExtensibilityGlobals) = postSolution
		SolutionGuid = {048DBE5C-F861-4988-8AB1-3FB03E92B5F7}
	EndGlobalSection
EndGlobal
