Microsoft Visual Studio Solution File, Format Version 12.00
# Visual Studio Version 17
VisualStudioVersion = 17.5.2.0
MinimumVisualStudioVersion = 10.0.40219.1
Project("{FAE04EC0-301F-11D3-BF4B-00C04F79EFBC}") = "GraphCheckValidTree", "GraphCheckValidTree.csproj", "{9324D2F8-D59B-CFF8-077B-07058FDB0A7D}"
EndProject
Global
	GlobalSection(SolutionConfigurationPlatforms) = preSolution
		Debug|Any CPU = Debug|Any CPU
		Release|Any CPU = Release|Any CPU
	EndGlobalSection
	GlobalSection(ProjectConfigurationPlatforms) = postSolution
		{9324D2F8-D59B-CFF8-077B-07058FDB0A7D}.Debug|Any CPU.ActiveCfg = Debug|Any CPU
		{9324D2F8-D59B-CFF8-077B-07058FDB0A7D}.Debug|Any CPU.Build.0 = Debug|Any CPU
		{9324D2F8-D59B-CFF8-077B-07058FDB0A7D}.Release|Any CPU.ActiveCfg = Release|Any CPU
		{9324D2F8-D59B-CFF8-077B-07058FDB0A7D}.Release|Any CPU.Build.0 = Release|Any CPU
	EndGlobalSection
	GlobalSection(SolutionProperties) = preSolution
		HideSolutionNode = FALSE
	EndGlobalSection
	GlobalSection(ExtensibilityGlobals) = postSolution
		SolutionGuid = {10B7EAE2-C2D1-470D-BF41-D6B4006ACF9A}
	EndGlobalSection
EndGlobal
