Microsoft Visual Studio Solution File, Format Version 12.00
# Visual Studio Version 17
VisualStudioVersion = 17.5.2.0
MinimumVisualStudioVersion = 10.0.40219.1
Project("{FAE04EC0-301F-11D3-BF4B-00C04F79EFBC}") = "SumOfNodesTilt", "SumOfNodesTilt.csproj", "{A687CFEE-2677-F169-8B36-95DB0D49A46B}"
EndProject
Global
	GlobalSection(SolutionConfigurationPlatforms) = preSolution
		Debug|Any CPU = Debug|Any CPU
		Release|Any CPU = Release|Any CPU
	EndGlobalSection
	GlobalSection(ProjectConfigurationPlatforms) = postSolution
		{A687CFEE-2677-F169-8B36-95DB0D49A46B}.Debug|Any CPU.ActiveCfg = Debug|Any CPU
		{A687CFEE-2677-F169-8B36-95DB0D49A46B}.Debug|Any CPU.Build.0 = Debug|Any CPU
		{A687CFEE-2677-F169-8B36-95DB0D49A46B}.Release|Any CPU.ActiveCfg = Release|Any CPU
		{A687CFEE-2677-F169-8B36-95DB0D49A46B}.Release|Any CPU.Build.0 = Release|Any CPU
	EndGlobalSection
	GlobalSection(SolutionProperties) = preSolution
		HideSolutionNode = FALSE
	EndGlobalSection
	GlobalSection(ExtensibilityGlobals) = postSolution
		SolutionGuid = {EE4A6031-9AB3-4957-8CF1-1766D6DE66A0}
	EndGlobalSection
EndGlobal
