Microsoft Visual Studio Solution File, Format Version 12.00
# Visual Studio Version 17
VisualStudioVersion = 17.5.2.0
MinimumVisualStudioVersion = 10.0.40219.1
Project("{FAE04EC0-301F-11D3-BF4B-00C04F79EFBC}") = "RemoveNthNode", "RemoveNthNode.csproj", "{7C4B3042-D181-5139-373B-D342F37A5ECE}"
EndProject
Global
	GlobalSection(SolutionConfigurationPlatforms) = preSolution
		Debug|Any CPU = Debug|Any CPU
		Release|Any CPU = Release|Any CPU
	EndGlobalSection
	GlobalSection(ProjectConfigurationPlatforms) = postSolution
		{7C4B3042-D181-5139-373B-D342F37A5ECE}.Debug|Any CPU.ActiveCfg = Debug|Any CPU
		{7C4B3042-D181-5139-373B-D342F37A5ECE}.Debug|Any CPU.Build.0 = Debug|Any CPU
		{7C4B3042-D181-5139-373B-D342F37A5ECE}.Release|Any CPU.ActiveCfg = Release|Any CPU
		{7C4B3042-D181-5139-373B-D342F37A5ECE}.Release|Any CPU.Build.0 = Release|Any CPU
	EndGlobalSection
	GlobalSection(SolutionProperties) = preSolution
		HideSolutionNode = FALSE
	EndGlobalSection
	GlobalSection(ExtensibilityGlobals) = postSolution
		SolutionGuid = {F53AC202-019F-4F95-8871-5C234A8D41FC}
	EndGlobalSection
EndGlobal
