Microsoft Visual Studio Solution File, Format Version 12.00
# Visual Studio Version 17
VisualStudioVersion = 17.5.2.0
MinimumVisualStudioVersion = 10.0.40219.1
Project("{FAE04EC0-301F-11D3-BF4B-00C04F79EFBC}") = "NonOverlappingIntervals", "NonOverlappingIntervals.csproj", "{AB222858-398E-4B92-7C86-93FE8FF1EDAC}"
EndProject
Global
	GlobalSection(SolutionConfigurationPlatforms) = preSolution
		Debug|Any CPU = Debug|Any CPU
		Release|Any CPU = Release|Any CPU
	EndGlobalSection
	GlobalSection(ProjectConfigurationPlatforms) = postSolution
		{AB222858-398E-4B92-7C86-93FE8FF1EDAC}.Debug|Any CPU.ActiveCfg = Debug|Any CPU
		{AB222858-398E-4B92-7C86-93FE8FF1EDAC}.Debug|Any CPU.Build.0 = Debug|Any CPU
		{AB222858-398E-4B92-7C86-93FE8FF1EDAC}.Release|Any CPU.ActiveCfg = Release|Any CPU
		{AB222858-398E-4B92-7C86-93FE8FF1EDAC}.Release|Any CPU.Build.0 = Release|Any CPU
	EndGlobalSection
	GlobalSection(SolutionProperties) = preSolution
		HideSolutionNode = FALSE
	EndGlobalSection
	GlobalSection(ExtensibilityGlobals) = postSolution
		SolutionGuid = {F3B165A9-B319-4B21-822E-2C152D7B9972}
	EndGlobalSection
EndGlobal
