Microsoft Visual Studio Solution File, Format Version 12.00
# Visual Studio Version 17
VisualStudioVersion = 17.5.2.0
MinimumVisualStudioVersion = 10.0.40219.1
Project("{FAE04EC0-301F-11D3-BF4B-00C04F79EFBC}") = "EmployeeFreeTime", "EmployeeFreeTime.csproj", "{287CCA6A-192F-F431-C94C-52BBEA452F24}"
EndProject
Global
	GlobalSection(SolutionConfigurationPlatforms) = preSolution
		Debug|Any CPU = Debug|Any CPU
		Release|Any CPU = Release|Any CPU
	EndGlobalSection
	GlobalSection(ProjectConfigurationPlatforms) = postSolution
		{287CCA6A-192F-F431-C94C-52BBEA452F24}.Debug|Any CPU.ActiveCfg = Debug|Any CPU
		{287CCA6A-192F-F431-C94C-52BBEA452F24}.Debug|Any CPU.Build.0 = Debug|Any CPU
		{287CCA6A-192F-F431-C94C-52BBEA452F24}.Release|Any CPU.ActiveCfg = Release|Any CPU
		{287CCA6A-192F-F431-C94C-52BBEA452F24}.Release|Any CPU.Build.0 = Release|Any CPU
	EndGlobalSection
	GlobalSection(SolutionProperties) = preSolution
		HideSolutionNode = FALSE
	EndGlobalSection
	GlobalSection(ExtensibilityGlobals) = postSolution
		SolutionGuid = {E25411B1-3654-4C86-88AB-ED8278B30214}
	EndGlobalSection
EndGlobal
