Microsoft Visual Studio Solution File, Format Version 12.00
# Visual Studio Version 17
VisualStudioVersion = 17.5.2.0
MinimumVisualStudioVersion = 10.0.40219.1
Project("{FAE04EC0-301F-11D3-BF4B-00C04F79EFBC}") = "SumOfAllNodes", "SumOfAllNodes.csproj", "{6F812590-7E04-AA6E-A07E-8F7D85B166ED}"
EndProject
Global
	GlobalSection(SolutionConfigurationPlatforms) = preSolution
		Debug|Any CPU = Debug|Any CPU
		Release|Any CPU = Release|Any CPU
	EndGlobalSection
	GlobalSection(ProjectConfigurationPlatforms) = postSolution
		{6F812590-7E04-AA6E-A07E-8F7D85B166ED}.Debug|Any CPU.ActiveCfg = Debug|Any CPU
		{6F812590-7E04-AA6E-A07E-8F7D85B166ED}.Debug|Any CPU.Build.0 = Debug|Any CPU
		{6F812590-7E04-AA6E-A07E-8F7D85B166ED}.Release|Any CPU.ActiveCfg = Release|Any CPU
		{6F812590-7E04-AA6E-A07E-8F7D85B166ED}.Release|Any CPU.Build.0 = Release|Any CPU
	EndGlobalSection
	GlobalSection(SolutionProperties) = preSolution
		HideSolutionNode = FALSE
	EndGlobalSection
	GlobalSection(ExtensibilityGlobals) = postSolution
		SolutionGuid = {C03E18AF-E187-4D5F-B2AF-572B3C6E0A86}
	EndGlobalSection
EndGlobal
