Microsoft Visual Studio Solution File, Format Version 12.00
# Visual Studio Version 17
VisualStudioVersion = 17.5.2.0
MinimumVisualStudioVersion = 10.0.40219.1
Project("{FAE04EC0-301F-11D3-BF4B-00C04F79EFBC}") = "HeapSort", "HeapSort.csproj", "{16F0C248-4E3B-3A19-073D-0BBE75B95780}"
EndProject
Global
	GlobalSection(SolutionConfigurationPlatforms) = preSolution
		Debug|Any CPU = Debug|Any CPU
		Release|Any CPU = Release|Any CPU
	EndGlobalSection
	GlobalSection(ProjectConfigurationPlatforms) = postSolution
		{16F0C248-4E3B-3A19-073D-0BBE75B95780}.Debug|Any CPU.ActiveCfg = Debug|Any CPU
		{16F0C248-4E3B-3A19-073D-0BBE75B95780}.Debug|Any CPU.Build.0 = Debug|Any CPU
		{16F0C248-4E3B-3A19-073D-0BBE75B95780}.Release|Any CPU.ActiveCfg = Release|Any CPU
		{16F0C248-4E3B-3A19-073D-0BBE75B95780}.Release|Any CPU.Build.0 = Release|Any CPU
	EndGlobalSection
	GlobalSection(SolutionProperties) = preSolution
		HideSolutionNode = FALSE
	EndGlobalSection
	GlobalSection(ExtensibilityGlobals) = postSolution
		SolutionGuid = {7266EA50-2CBA-4884-87EB-32333620AF8E}
	EndGlobalSection
EndGlobal
