Microsoft Visual Studio Solution File, Format Version 12.00
# Visual Studio Version 17
VisualStudioVersion = 17.5.2.0
MinimumVisualStudioVersion = 10.0.40219.1
Project("{FAE04EC0-301F-11D3-BF4B-00C04F79EFBC}") = "ThreeSum", "ThreeSum.csproj", "{9728FF18-27E3-C160-92D5-47CA7A18CAD4}"
EndProject
Global
	GlobalSection(SolutionConfigurationPlatforms) = preSolution
		Debug|Any CPU = Debug|Any CPU
		Release|Any CPU = Release|Any CPU
	EndGlobalSection
	GlobalSection(ProjectConfigurationPlatforms) = postSolution
		{9728FF18-27E3-C160-92D5-47CA7A18CAD4}.Debug|Any CPU.ActiveCfg = Debug|Any CPU
		{9728FF18-27E3-C160-92D5-47CA7A18CAD4}.Debug|Any CPU.Build.0 = Debug|Any CPU
		{9728FF18-27E3-C160-92D5-47CA7A18CAD4}.Release|Any CPU.ActiveCfg = Release|Any CPU
		{9728FF18-27E3-C160-92D5-47CA7A18CAD4}.Release|Any CPU.Build.0 = Release|Any CPU
	EndGlobalSection
	GlobalSection(SolutionProperties) = preSolution
		HideSolutionNode = FALSE
	EndGlobalSection
	GlobalSection(ExtensibilityGlobals) = postSolution
		SolutionGuid = {8371E963-283A-41C6-A644-9425F422A312}
	EndGlobalSection
EndGlobal
