Microsoft Visual Studio Solution File, Format Version 12.00
# Visual Studio Version 17
VisualStudioVersion = 17.5.2.0
MinimumVisualStudioVersion = 10.0.40219.1
Project("{FAE04EC0-301F-11D3-BF4B-00C04F79EFBC}") = "RootToLeafSumToTarget", "RootToLeafSumToTarget.csproj", "{1186F599-068B-7047-1B77-79F94CEF3B33}"
EndProject
Global
	GlobalSection(SolutionConfigurationPlatforms) = preSolution
		Debug|Any CPU = Debug|Any CPU
		Release|Any CPU = Release|Any CPU
	EndGlobalSection
	GlobalSection(ProjectConfigurationPlatforms) = postSolution
		{1186F599-068B-7047-1B77-79F94CEF3B33}.Debug|Any CPU.ActiveCfg = Debug|Any CPU
		{1186F599-068B-7047-1B77-79F94CEF3B33}.Debug|Any CPU.Build.0 = Debug|Any CPU
		{1186F599-068B-7047-1B77-79F94CEF3B33}.Release|Any CPU.ActiveCfg = Release|Any CPU
		{1186F599-068B-7047-1B77-79F94CEF3B33}.Release|Any CPU.Build.0 = Release|Any CPU
	EndGlobalSection
	GlobalSection(SolutionProperties) = preSolution
		HideSolutionNode = FALSE
	EndGlobalSection
	GlobalSection(ExtensibilityGlobals) = postSolution
		SolutionGuid = {7FC4B37C-EDC9-4ABC-BDEA-8C7ED6F79742}
	EndGlobalSection
EndGlobal
